github.com/davecgh/go-spew v1.1.1/go.mod h1:J7Y8YcW2NihsgmVo/mv3lAwl/skON4iLHjSsI+c5H38=
github.com/pmezard/go-difflib v1.0.0/go.mod h1:iKH77koFhYxTK1pcRnkKkqfTogsbg7gZNVY4sRDYZ/4=
github.com/rakyll/portmidi v0.0.0-20170620004031-e434d7284291 h1:hl7rQwLldjB+FCyUuxSFCAx986GONIoRQwsMesdOknE=
github.com/rakyll/portmidi v0.0.0-20170620004031-e434d7284291/go.mod h1:tO1ylmFo6+hnYFvj/fd92q30wkNQwgWC/8mcHq0KkQU=
github.com/sirupsen/logrus v1.8.1 h1:dJKuHgqk1NNQlqoA6BTlM1Wf9DOH3NBjQyu0h9+AZZE=
github.com/sirupsen/logrus v1.8.1/go.mod h1:yWOB1SBYBC5VeMP7gHvWumXLIWorT60ONWic61uBYv0=
github.com/spf13/pflag v1.0.5 h1:iy+VFUOCP1a+8yFto/drg2CJ5u0yRoB7fZw3DKv/JXA=
github.com/spf13/pflag v1.0.5/go.mod h1:McXfInJRrz4CZXVZOBLb0bTZqETkiAhM9Iw0y3An2Bg=
github.com/stretchr/testify v1.2.2/go.mod h1:a8OnRcib4nhh0OaRAV+Yts87kKdq0PP7pXfy6kDkUVs=
gitlab.com/gomidi/midi v1.21.0/go.mod h1:3ohtNOhqoSakkuLG/Li1OI6I3J1c2LErnJF5o/VBq1c=
gitlab.com/gomidi/midi v1.23.5/go.mod h1:3ohtNOhqoSakkuLG/Li1OI6I3J1c2LErnJF5o/VBq1c=
gitlab.com/gomidi/midi v1.23.7 h1:I6qKoIk9s9dcX+pNf0jC+tziCzJFn82bMpuntRkLeik=
gitlab.com/gomidi/midi v1.23.7/go.mod h1:3ohtNOhqoSakkuLG/Li1OI6I3J1c2LErnJF5o/VBq1c=
gitlab.com/gomidi/portmididrv v0.7.0 h1:fG5eFJANIXPtfONE18lQbP9CKpWh88S6hWdmXLOqjJ4=
gitlab.com/gomidi/portmididrv v0.7.0/go.mod h1:H+WVjQPG4D5YJ6+fGKv0apxHN6qbXbNce/3oxZaPSMY=
gitlab.com/gomidi/rtmididrv v0.13.0 h1:fMX5Wt2wmdt+gJtR7K3ZGvNV4RzdRgS8AquHZ9wW1Zs=
gitlab.com/gomidi/rtmididrv v0.13.0/go.mod h1:p/6IL1LGgj7utcv3wXudsDWiD9spgAdn0O8LDsGIPG0=
golang.org/x/sys v0.0.0-20191026070338-33540a1f6037 h1:YyJpGZS1sBuBCzLAR1VEpK193GlqGZbnPFnPV/5Rsb4=
golang.org/x/sys v0.0.0-20191026070338-33540a1f6037/go.mod h1:h1NjWce9XRLGQEsW7wpKNCjG9DtNlClVuFLEZdDNbEs=
